
Microsoft Visual Studio Solution File, Format Version 12.00
# Visual Studio Version 17
VisualStudioVersion = 17.9.34701.34
MinimumVisualStudioVersion = 10.0.40219.1
Project("{9A19103F-16F7-4668-BE54-9A1E7A4F7556}") = "LINEBotTest", "LINEBotTest\LINEBotTest.csproj", "{F8EC04B0-EB43-4FCE-B332-214309FD72A6}"
EndProject
Project("{9A19103F-16F7-4668-BE54-9A1E7A4F7556}") = "Line.Messaging", "Line.Messaging\Line.Messaging.csproj", "{ECF05AF8-93B1-4AF9-880B-B72A020A0478}"
EndProject
Project("{2150E333-8FDC-42A3-9474-1A3956D46DE8}") = "ソリューション項目", "ソリューション項目", "{D0EC7EDF-8011-4DE6-8C8D-3600B079B956}"
	ProjectSection(SolutionItems) = preProject
		リッチメニュー\linemenu_v2.jpg = リッチメニュー\linemenu_v2.jpg
	EndProjectSection
EndProject
Global
	GlobalSection(SolutionConfigurationPlatforms) = preSolution
		Debug|Any CPU = Debug|Any CPU
		Release|Any CPU = Release|Any CPU
	EndGlobalSection
	GlobalSection(ProjectConfigurationPlatforms) = postSolution
		{F8EC04B0-EB43-4FCE-B332-214309FD72A6}.Debug|Any CPU.ActiveCfg = Debug|Any CPU
		{F8EC04B0-EB43-4FCE-B332-214309FD72A6}.Debug|Any CPU.Build.0 = Debug|Any CPU
		{F8EC04B0-EB43-4FCE-B332-214309FD72A6}.Release|Any CPU.ActiveCfg = Release|Any CPU
		{F8EC04B0-EB43-4FCE-B332-214309FD72A6}.Release|Any CPU.Build.0 = Release|Any CPU
		{ECF05AF8-93B1-4AF9-880B-B72A020A0478}.Debug|Any CPU.ActiveCfg = Debug|Any CPU
		{ECF05AF8-93B1-4AF9-880B-B72A020A0478}.Debug|Any CPU.Build.0 = Debug|Any CPU
		{ECF05AF8-93B1-4AF9-880B-B72A020A0478}.Release|Any CPU.ActiveCfg = Release|Any CPU
		{ECF05AF8-93B1-4AF9-880B-B72A020A0478}.Release|Any CPU.Build.0 = Release|Any CPU
	EndGlobalSection
	GlobalSection(SolutionProperties) = preSolution
		HideSolutionNode = FALSE
	EndGlobalSection
	GlobalSection(ExtensibilityGlobals) = postSolution
		SolutionGuid = {4D6DB7E1-1447-4D7C-8F58-35C26010379C}
	EndGlobalSection
EndGlobal
